PODS:
  - FirebaseAnalytics (4.2.0):
    - FirebaseCore (~> 4.0)
    - FirebaseInstanceID (~> 2.0)
    - "GoogleToolboxForMac/NSData+zlib (~> 2.1)"
    - nanopb (~> 0.3)
  - FirebaseCore (4.0.20):
    - "GoogleToolboxForMac/NSData+zlib (~> 2.1)"
  - FirebaseInstanceID (2.0.10):
    - FirebaseCore (~> 4.0)
  - Flutter (1.0.0)
  - GoogleAnalytics (3.21.0)
  - GoogleSymbolUtilities (1.1.2)
  - GoogleTagManager (6.0.0):
    - FirebaseAnalytics (~> 4.0)
    - GoogleAnalytics (~> 3.17)
    - GoogleUtilities (~> 1.3)
  - GoogleToolboxForMac/Defines (2.3.2)
  - "GoogleToolboxForMac/NSData+zlib (2.3.2)":
    - GoogleToolboxForMac/Defines (= 2.3.2)
  - GoogleUtilities (1.3.2):
    - GoogleSymbolUtilities (~> 1.1)
  - gtm_ios (0.0.1):
    - Flutter
    - GoogleTagManager (~> 6.0)
  - nanopb (0.3.9011):
    - nanopb/decode (= 0.3.9011)
    - nanopb/encode (= 0.3.9011)
  - nanopb/decode (0.3.9011)
  - nanopb/encode (0.3.9011)

DEPENDENCIES:
  - Flutter (from `Flutter`)
  - gtm_ios (from `.symlinks/plugins/gtm_ios/ios`)

SPEC REPOS:
  trunk:
    - FirebaseAnalytics
    - FirebaseCore
    - FirebaseInstanceID
    - GoogleAnalytics
    - GoogleSymbolUtilities
    - GoogleTagManager
    - GoogleToolboxForMac
    - GoogleUtilities
    - nanopb

EXTERNAL SOURCES:
  Flutter:
    :path: Flutter
  gtm_ios:
    :path: ".symlinks/plugins/gtm_ios/ios"

SPEC CHECKSUMS:
  FirebaseAnalytics: 7ef69e76a5142f643aeb47c780e1cdce4e23632e
  FirebaseCore: 90cb1c53d69b556f112a1bf72b5fcfaad7650790
  FirebaseInstanceID: 8d20d890d65c917f9f7d9950b6e10a760ad34321
  Flutter: f04841e97a9d0b0a8025694d0796dd46242b2854
  GoogleAnalytics: abbea91ce20faea66c5b2305aa040d3f9992f66a
  GoogleSymbolUtilities: 631ee17048aa5e9ab133470d768ea997a5ef9b96
  GoogleTagManager: 07acea48abe73aac17550b81bbf52a37db2d7dd6
  GoogleToolboxForMac: 8bef7c7c5cf7291c687cf5354f39f9db6399ad34
  GoogleUtilities: 8bbc733218aad26306f9d4a253823986110e3358
  gtm_ios: c43b71e83e35bc5a3c7207fade71a471fe5df799
  nanopb: 18003b5e52dab79db540fe93fe9579f399bd1ccd

PODFILE CHECKSUM: 663715e941f9adb426e33bf9376914006f9ea95b

COCOAPODS: 1.11.3
